
Microsoft Visual Studio Solution File, Format Version 12.00
# Visual Studio Version 16
VisualStudioVersion = 16.0.31112.23
MinimumVisualStudioVersion = 10.0.40219.1
Project("{FAE04EC0-301F-11D3-BF4B-00C04F79EFBC}") = "VidyaCat2.MVC", "VidyaCat2.MVC\VidyaCat2.MVC.csproj", "{3AAC19B8-35E6-4541-BF6E-50F288E5E159}"
EndProject
Project("{FAE04EC0-301F-11D3-BF4B-00C04F79EFBC}") = "VidyaCat2.Data", "VidyaCat2.Data\VidyaCat2.Data.csproj", "{93B481D5-2ABC-43DE-B67B-EE6E04FF82BF}"
EndProject
Project("{FAE04EC0-301F-11D3-BF4B-00C04F79EFBC}") = "VidyaCat2.Models", "VidyaCat2.Models\VidyaCat2.Models.csproj", "{FD34558B-1DC1-467F-A30E-F1B0D56A414A}"
EndProject
Project("{FAE04EC0-301F-11D3-BF4B-00C04F79EFBC}") = "VidyaCat2.Services", "VidyaCat2.Services\VidyaCat2.Services.csproj", "{EF9F43C2-D374-4669-84B9-7DF8CD5EFBC6}"
EndProject
Global
	GlobalSection(SolutionConfigurationPlatforms) = preSolution
		Debug|Any CPU = Debug|Any CPU
		Release|Any CPU = Release|Any CPU
	EndGlobalSection
	GlobalSection(ProjectConfigurationPlatforms) = postSolution
		{3AAC19B8-35E6-4541-BF6E-50F288E5E159}.Debug|Any CPU.ActiveCfg = Debug|Any CPU
		{3AAC19B8-35E6-4541-BF6E-50F288E5E159}.Debug|Any CPU.Build.0 = Debug|Any CPU
		{3AAC19B8-35E6-4541-BF6E-50F288E5E159}.Release|Any CPU.ActiveCfg = Release|Any CPU
		{3AAC19B8-35E6-4541-BF6E-50F288E5E159}.Release|Any CPU.Build.0 = Release|Any CPU
		{93B481D5-2ABC-43DE-B67B-EE6E04FF82BF}.Debug|Any CPU.ActiveCfg = Debug|Any CPU
		{93B481D5-2ABC-43DE-B67B-EE6E04FF82BF}.Debug|Any CPU.Build.0 = Debug|Any CPU
		{93B481D5-2ABC-43DE-B67B-EE6E04FF82BF}.Release|Any CPU.ActiveCfg = Release|Any CPU
		{93B481D5-2ABC-43DE-B67B-EE6E04FF82BF}.Release|Any CPU.Build.0 = Release|Any CPU
		{FD34558B-1DC1-467F-A30E-F1B0D56A414A}.Debug|Any CPU.ActiveCfg = Debug|Any CPU
		{FD34558B-1DC1-467F-A30E-F1B0D56A414A}.Debug|Any CPU.Build.0 = Debug|Any CPU
		{FD34558B-1DC1-467F-A30E-F1B0D56A414A}.Release|Any CPU.ActiveCfg = Release|Any CPU
		{FD34558B-1DC1-467F-A30E-F1B0D56A414A}.Release|Any CPU.Build.0 = Release|Any CPU
		{EF9F43C2-D374-4669-84B9-7DF8CD5EFBC6}.Debug|Any CPU.ActiveCfg = Debug|Any CPU
		{EF9F43C2-D374-4669-84B9-7DF8CD5EFBC6}.Debug|Any CPU.Build.0 = Debug|Any CPU
		{EF9F43C2-D374-4669-84B9-7DF8CD5EFBC6}.Release|Any CPU.ActiveCfg = Release|Any CPU
		{EF9F43C2-D374-4669-84B9-7DF8CD5EFBC6}.Release|Any CPU.Build.0 = Release|Any CPU
	EndGlobalSection
	GlobalSection(SolutionProperties) = preSolution
		HideSolutionNode = FALSE
	EndGlobalSection
	GlobalSection(ExtensibilityGlobals) = postSolution
		SolutionGuid = {7B7C15C6-2AAC-45C3-B6D7-E3261F30B873}
	EndGlobalSection
EndGlobal
